# This file was autogenerated by Stack.
# You should not edit this file by hand.
# For more information, please see the documentation at:
#   https://docs.haskellstack.org/en/stable/lock_files

packages:
- completed:
    hackage: math-programming-0.4.0@sha256:bf6476d211029e3682b9b1a131dc96957efae0d45aa59921fe0e79023306d60b,1838
    pantry-tree:
      size: 603
      sha256: a891b00ad5d701cd803a7b9bffe3a72758a5da6a6de91132084271a22d1bf080
  original:
    hackage: math-programming-0.4.0
snapshots:
- completed:
    size: 524996
    url: https://raw.githubusercontent.com/commercialhaskell/stackage-snapshots/master/lts/14/27.yaml
    sha256: 7ea31a280c56bf36ff591a7397cc384d0dff622e7f9e4225b47d8980f019a0f0
  original: lts-14.27
